# THIS IS AN AUTOGENERATED FILE. DO NOT EDIT THIS FILE DIRECTLY.
# yarn lockfile v1


vue-material-design-icons@^4.4.0:
  version "4.4.0"
  resolved "https://registry.yarnpkg.com/vue-material-design-icons/-/vue-material-design-icons-4.4.0.tgz#57b213abd0fc29dd20b14f0627a51ed70293fb03"
  integrity sha512-5SkO9ijY2jIjVmypliBWBMUB6i4ovbX2BwLqSNozRBcY7lb32+GzHrDkumoDwEMOHxe8gO6tIZimOYfBySQ+LQ==
